
Microsoft Visual Studio Solution File, Format Version 12.00
# Visual Studio Version 17
VisualStudioVersion = 17.6.33815.320
MinimumVisualStudioVersion = 10.0.40219.1
Project("{FAE04EC0-301F-11D3-BF4B-00C04F79EFBC}") = "corekatmanproje", "corekatmanproje\corekatmanproje.csproj", "{09AECC2E-B9E4-4F23-876E-0BAF336ABB30}"
EndProject
Project("{FAE04EC0-301F-11D3-BF4B-00C04F79EFBC}") = "coreData", "coreData\coreData.csproj", "{BF4656CC-E364-4154-A018-4F0657401296}"
EndProject
Project("{FAE04EC0-301F-11D3-BF4B-00C04F79EFBC}") = "coreModel", "coreModel\coreModel.csproj", "{61448355-E7DD-4132-861B-88023B2CECED}"
EndProject
Global
	GlobalSection(SolutionConfigurationPlatforms) = preSolution
		Debug|Any CPU = Debug|Any CPU
		Release|Any CPU = Release|Any CPU
	EndGlobalSection
	GlobalSection(ProjectConfigurationPlatforms) = postSolution
		{09AECC2E-B9E4-4F23-876E-0BAF336ABB30}.Debug|Any CPU.ActiveCfg = Debug|Any CPU
		{09AECC2E-B9E4-4F23-876E-0BAF336ABB30}.Debug|Any CPU.Build.0 = Debug|Any CPU
		{09AECC2E-B9E4-4F23-876E-0BAF336ABB30}.Release|Any CPU.ActiveCfg = Release|Any CPU
		{09AECC2E-B9E4-4F23-876E-0BAF336ABB30}.Release|Any CPU.Build.0 = Release|Any CPU
		{BF4656CC-E364-4154-A018-4F0657401296}.Debug|Any CPU.ActiveCfg = Debug|Any CPU
		{BF4656CC-E364-4154-A018-4F0657401296}.Debug|Any CPU.Build.0 = Debug|Any CPU
		{BF4656CC-E364-4154-A018-4F0657401296}.Release|Any CPU.ActiveCfg = Release|Any CPU
		{BF4656CC-E364-4154-A018-4F0657401296}.Release|Any CPU.Build.0 = Release|Any CPU
		{61448355-E7DD-4132-861B-88023B2CECED}.Debug|Any CPU.ActiveCfg = Debug|Any CPU
		{61448355-E7DD-4132-861B-88023B2CECED}.Debug|Any CPU.Build.0 = Debug|Any CPU
		{61448355-E7DD-4132-861B-88023B2CECED}.Release|Any CPU.ActiveCfg = Release|Any CPU
		{61448355-E7DD-4132-861B-88023B2CECED}.Release|Any CPU.Build.0 = Release|Any CPU
	EndGlobalSection
	GlobalSection(SolutionProperties) = preSolution
		HideSolutionNode = FALSE
	EndGlobalSection
	GlobalSection(ExtensibilityGlobals) = postSolution
		SolutionGuid = {55311CD6-781A-4399-B920-0C1F9DAABD58}
	EndGlobalSection
EndGlobal
